// !$*UTF8*$!
{
	archiveVersion = 1;
	classes = {
	};
	objectVersion = 46;
	objects = {

/* Begin PBXBuildFile section */
		EBB1ADE01312A9DE006476A7 /* CoreJSON.c in Sources */ = {isa = PBXBuildFile; fileRef = EBB81076130BEC8C00CF5EF8 /* CoreJSON.c */; };
		EBB1ADE21312A9ED006476A7 /* CoreFoundation.framework in Frameworks */ = {isa = PBXBuildFile; fileRef = EBB1ADE11312A9ED006476A7 /* CoreFoundation.framework */; };
		EBB1ADE41312AA16006476A7 /* CoreJSON.h in Headers */ = {isa = PBXBuildFile; fileRef = EBB81077130BEC8C00CF5EF8 /* CoreJSON.h */; settings = {ATTRIBUTES = (Public, ); }; };
		EBB1AE301312B1E9006476A7 /* libYAJL (iOS).a in Frameworks */ = {isa = PBXBuildFile; fileRef = EBB1AE2F1312B1E9006476A7 /* libYAJL (iOS).a */; };
		EBB1AE7F1312B683006476A7 /* Cocoa.framework in Frameworks */ = {isa = PBXBuildFile; fileRef = EBB1AE7E1312B683006476A7 /* Cocoa.framework */; };
		EBB81057130BEC3E00CF5EF8 /* InfoPlist.strings in Resources */ = {isa = PBXBuildFile; fileRef = EBB81055130BEC3E00CF5EF8 /* InfoPlist.strings */; };
		EBB81062130BEC3E00CF5EF8 /* CoreJSON (OSX).framework in Frameworks */ = {isa = PBXBuildFile; fileRef = EBB81049130BEC3E00CF5EF8 /* CoreJSON (OSX).framework */; };
		EBB81068130BEC3E00CF5EF8 /* InfoPlist.strings in Resources */ = {isa = PBXBuildFile; fileRef = EBB81066130BEC3E00CF5EF8 /* InfoPlist.strings */; };
		EBB8106B130BEC3E00CF5EF8 /* CoreJSONTests.h in Resources */ = {isa = PBXBuildFile; fileRef = EBB8106A130BEC3E00CF5EF8 /* CoreJSONTests.h */; };
		EBB8106D130BEC3E00CF5EF8 /* CoreJSONTests.m in Sources */ = {isa = PBXBuildFile; fileRef = EBB8106C130BEC3E00CF5EF8 /* CoreJSONTests.m */; };
		EBB81078130BEC8C00CF5EF8 /* CoreJSON.c in Sources */ = {isa = PBXBuildFile; fileRef = EBB81076130BEC8C00CF5EF8 /* CoreJSON.c */; };
		EBB81079130BEC8C00CF5EF8 /* CoreJSON.h in Headers */ = {isa = PBXBuildFile; fileRef = EBB81077130BEC8C00CF5EF8 /* CoreJSON.h */; };
		EBCB75E6130C0F36009F0B55 /* CoreFoundation.framework in Frameworks */ = {isa = PBXBuildFile; fileRef = EBCB75E5130C0F36009F0B55 /* CoreFoundation.framework */; };
		EBCB75E9130C1074009F0B55 /* CoreFoundation.framework in Frameworks */ = {isa = PBXBuildFile; fileRef = EBCB75E5130C0F36009F0B55 /* CoreFoundation.framework */; };
/* End PBXBuildFile section */

/* Begin PBXContainerItemProxy section */
		EBB1AE2D1312B1C3006476A7 /* PBXContainerItemProxy */ = {
			isa = PBXContainerItemProxy;
			containerPortal = EBB1AE261312B1C3006476A7 /* YAJL.xcodeproj */;
			proxyType = 2;
			remoteGlobalIDString = EBB1ADF01312AD72006476A7;
			remoteInfo = "YAJL (iOS)";
		};
		EBB1AE5C1312B33C006476A7 /* PBXContainerItemProxy */ = {
			isa = PBXContainerItemProxy;
			containerPortal = EBB1AE261312B1C3006476A7 /* YAJL.xcodeproj */;
			proxyType = 2;
			remoteGlobalIDString = EBB1AE491312B33C006476A7;
			remoteInfo = YAJL;
		};
		EBB81060130BEC3E00CF5EF8 /* PBXContainerItemProxy */ = {
			isa = PBXContainerItemProxy;
			containerPortal = EBB8103F130BEC3E00CF5EF8 /* Project object */;
			proxyType = 1;
			remoteGlobalIDString = EBB81048130BEC3E00CF5EF8;
			remoteInfo = CoreJSON;
		};
/* End PBXContainerItemProxy section */

/* Begin PBXFileReference section */
		EB7354C2130E688300D6C2D8 /* Readme.md */ = {isa = PBXFileReference; lastKnownFileType = text; path = Readme.md; sourceTree = "<group>"; };
		EBB1ADD81312A7B6006476A7 /* libCoreJSON (iOS).a */ = {isa = PBXFileReference; explicitFileType = archive.ar; includeInIndex = 0; path = "libCoreJSON (iOS).a"; sourceTree = BUILT_PRODUCTS_DIR; };
		EBB1ADE11312A9ED006476A7 /* CoreFoundation.framework */ = {isa = PBXFileReference; lastKnownFileType = wrapper.framework; name = CoreFoundation.framework; path = Platforms/iPhoneOS.platform/Developer/SDKs/iPhoneOS4.2.sdk/System/Library/Frameworks/CoreFoundation.framework; sourceTree = DEVELOPER_DIR; };
		EBB1AE261312B1C3006476A7 /* YAJL.xcodeproj */ = {isa = PBXFileReference; lastKnownFileType = "wrapper.pb-project"; path = YAJL.xcodeproj; sourceTree = "<group>"; };
		EBB1AE2F1312B1E9006476A7 /* libYAJL (iOS).a */ = {isa = PBXFileReference; explicitFileType = archive.ar; path = "libYAJL (iOS).a"; sourceTree = SOURCE_ROOT; };
		EBB1AE7E1312B683006476A7 /* Cocoa.framework */ = {isa = PBXFileReference; lastKnownFileType = wrapper.framework; name = Cocoa.framework; path = System/Library/Frameworks/Cocoa.framework; sourceTree = SDKROOT; };
		EBB81049130BEC3E00CF5EF8 /* CoreJSON (OSX).framework */ = {isa = PBXFileReference; explicitFileType = wrapper.framework; includeInIndex = 0; path = "CoreJSON (OSX).framework"; sourceTree = BUILT_PRODUCTS_DIR; };
		EBB81054130BEC3E00CF5EF8 /* CoreJSON-Info.plist */ = {isa = PBXFileReference; lastKnownFileType = text.plist.xml; path = "CoreJSON-Info.plist"; sourceTree = "<group>"; };
		EBB81056130BEC3E00CF5EF8 /* en */ = {isa = PBXFileReference; lastKnownFileType = text.plist.strings; name = en; path = en.lproj/InfoPlist.strings; sourceTree = "<group>"; };
		EBB81058130BEC3E00CF5EF8 /* CoreJSON-Prefix.pch */ = {isa = PBXFileReference; lastKnownFileType = sourcecode.c.h; path = "CoreJSON-Prefix.pch"; sourceTree = "<group>"; };
		EBB8105E130BEC3E00CF5EF8 /* CoreJSONTests.octest */ = {isa = PBXFileReference; explicitFileType = wrapper.cfbundle; includeInIndex = 0; path = CoreJSONTests.octest; sourceTree = BUILT_PRODUCTS_DIR; };
		EBB81065130BEC3E00CF5EF8 /* CoreJSONTests-Info.plist */ = {isa = PBXFileReference; lastKnownFileType = text.plist.xml; path = "CoreJSONTests-Info.plist"; sourceTree = "<group>"; };
		EBB81067130BEC3E00CF5EF8 /* en */ = {isa = PBXFileReference; lastKnownFileType = text.plist.strings; name = en; path = en.lproj/InfoPlist.strings; sourceTree = "<group>"; };
		EBB81069130BEC3E00CF5EF8 /* CoreJSONTests-Prefix.pch */ = {isa = PBXFileReference; lastKnownFileType = sourcecode.c.h; path = "CoreJSONTests-Prefix.pch"; sourceTree = "<group>"; };
		EBB8106A130BEC3E00CF5EF8 /* CoreJSONTests.h */ = {isa = PBXFileReference; lastKnownFileType = sourcecode.c.h; path = CoreJSONTests.h; sourceTree = "<group>"; };
		EBB8106C130BEC3E00CF5EF8 /* CoreJSONTests.m */ = {isa = PBXFileReference; lastKnownFileType = sourcecode.c.objc; path = CoreJSONTests.m; sourceTree = "<group>"; };
		EBB81076130BEC8C00CF5EF8 /* CoreJSON.c */ = {isa = PBXFileReference; fileEncoding = 4; lastKnownFileType = sourcecode.c.c; path = CoreJSON.c; sourceTree = "<group>"; };
		EBB81077130BEC8C00CF5EF8 /* CoreJSON.h */ = {isa = PBXFileReference; fileEncoding = 4; lastKnownFileType = sourcecode.c.h; path = CoreJSON.h; sourceTree = "<group>"; };
		EBCB75E5130C0F36009F0B55 /* CoreFoundation.framework */ = {isa = PBXFileReference; lastKnownFileType = wrapper.framework; name = CoreFoundation.framework; path = System/Library/Frameworks/CoreFoundation.framework; sourceTree = SDKROOT; };
		EBF450001312B931007C6F91 /* YAJL.framework */ = {isa = PBXFileReference; explicitFileType = wrapper.framework; path = YAJL.framework; sourceTree = SOURCE_ROOT; };
/* End PBXFileReference section */

/* Begin PBXFrameworksBuildPhase section */
		EBB1ADD51312A7B6006476A7 /* Frameworks */ = {
			isa = PBXFrameworksBuildPhase;
			buildActionMask = 2147483647;
			files = (
				EBB1AE301312B1E9006476A7 /* libYAJL (iOS).a in Frameworks */,
				EBB1ADE21312A9ED006476A7 /* CoreFoundation.framework in Frameworks */,
			);
			runOnlyForDeploymentPostprocessing = 0;
		};
		EBB81045130BEC3E00CF5EF8 /* Frameworks */ = {
			isa = PBXFrameworksBuildPhase;
			buildActionMask = 2147483647;
			files = (
				EBCB75E6130C0F36009F0B55 /* CoreFoundation.framework in Frameworks */,
			);
			runOnlyForDeploymentPostprocessing = 0;
		};
		EBB8105A130BEC3E00CF5EF8 /* Frameworks */ = {
			isa = PBXFrameworksBuildPhase;
			buildActionMask = 2147483647;
			files = (
				EBB1AE7F1312B683006476A7 /* Cocoa.framework in Frameworks */,
				EBB81062130BEC3E00CF5EF8 /* CoreJSON (OSX).framework in Frameworks */,
				EBCB75E9130C1074009F0B55 /* CoreFoundation.framework in Frameworks */,
			);
			runOnlyForDeploymentPostprocessing = 0;
		};
/* End PBXFrameworksBuildPhase section */

/* Begin PBXGroup section */
		EBB1ADE31312A9F5006476A7 /* iOS */ = {
			isa = PBXGroup;
			children = (
				EBB1AE2F1312B1E9006476A7 /* libYAJL (iOS).a */,
				EBB1ADE11312A9ED006476A7 /* CoreFoundation.framework */,
			);
			name = iOS;
			sourceTree = "<group>";
		};
		EBB1AE271312B1C3006476A7 /* Products */ = {
			isa = PBXGroup;
			children = (
				EBB1AE2E1312B1C3006476A7 /* libYAJL (iOS).a */,
				EBB1AE5D1312B33C006476A7 /* YAJL.framework */,
			);
			name = Products;
			sourceTree = "<group>";
		};
		EBB1AE311312B22A006476A7 /* OSX */ = {
			isa = PBXGroup;
			children = (
				EBF450001312B931007C6F91 /* YAJL.framework */,
				EBB1AE7E1312B683006476A7 /* Cocoa.framework */,
				EBCB75E5130C0F36009F0B55 /* CoreFoundation.framework */,
			);
			name = OSX;
			sourceTree = "<group>";
		};
		EBB8103D130BEC3E00CF5EF8 = {
			isa = PBXGroup;
			children = (
				EBB1AE261312B1C3006476A7 /* YAJL.xcodeproj */,
				EBB81052130BEC3E00CF5EF8 /* CoreJSON */,
				EBB81063130BEC3E00CF5EF8 /* CoreJSONTests */,
				EBB8104B130BEC3E00CF5EF8 /* Frameworks */,
				EBB8104A130BEC3E00CF5EF8 /* Products */,
				EB7354C2130E688300D6C2D8 /* Readme.md */,
			);
			sourceTree = "<group>";
		};
		EBB8104A130BEC3E00CF5EF8 /* Products */ = {
			isa = PBXGroup;
			children = (
				EBB81049130BEC3E00CF5EF8 /* CoreJSON (OSX).framework */,
				EBB8105E130BEC3E00CF5EF8 /* CoreJSONTests.octest */,
				EBB1ADD81312A7B6006476A7 /* libCoreJSON (iOS).a */,
			);
			name = Products;
			sourceTree = "<group>";
		};
		EBB8104B130BEC3E00CF5EF8 /* Frameworks */ = {
			isa = PBXGroup;
			children = (
				EBB1ADE31312A9F5006476A7 /* iOS */,
				EBB1AE311312B22A006476A7 /* OSX */,
			);
			name = Frameworks;
			sourceTree = "<group>";
		};
		EBB81052130BEC3E00CF5EF8 /* CoreJSON */ = {
			isa = PBXGroup;
			children = (
				EBB81053130BEC3E00CF5EF8 /* Supporting Files */,
				EBB81077130BEC8C00CF5EF8 /* CoreJSON.h */,
				EBB81076130BEC8C00CF5EF8 /* CoreJSON.c */,
			);
			path = CoreJSON;
			sourceTree = "<group>";
		};
		EBB81053130BEC3E00CF5EF8 /* Supporting Files */ = {
			isa = PBXGroup;
			children = (
				EBB81054130BEC3E00CF5EF8 /* CoreJSON-Info.plist */,
				EBB81055130BEC3E00CF5EF8 /* InfoPlist.strings */,
				EBB81058130BEC3E00CF5EF8 /* CoreJSON-Prefix.pch */,
			);
			name = "Supporting Files";
			sourceTree = "<group>";
		};
		EBB81063130BEC3E00CF5EF8 /* CoreJSONTests */ = {
			isa = PBXGroup;
			children = (
				EBB8106A130BEC3E00CF5EF8 /* CoreJSONTests.h */,
				EBB8106C130BEC3E00CF5EF8 /* CoreJSONTests.m */,
				EBB81064130BEC3E00CF5EF8 /* Supporting Files */,
			);
			path = CoreJSONTests;
			sourceTree = "<group>";
		};
		EBB81064130BEC3E00CF5EF8 /* Supporting Files */ = {
			isa = PBXGroup;
			children = (
				EBB81065130BEC3E00CF5EF8 /* CoreJSONTests-Info.plist */,
				EBB81066130BEC3E00CF5EF8 /* InfoPlist.strings */,
				EBB81069130BEC3E00CF5EF8 /* CoreJSONTests-Prefix.pch */,
			);
			name = "Supporting Files";
			sourceTree = "<group>";
		};
/* End PBXGroup section */

/* Begin PBXHeadersBuildPhase section */
		EBB1ADD61312A7B6006476A7 /* Headers */ = {
			isa = PBXHeadersBuildPhase;
			buildActionMask = 2147483647;
			files = (
				EBB1ADE41312AA16006476A7 /* CoreJSON.h in Headers */,
			);
			runOnlyForDeploymentPostprocessing = 0;
		};
		EBB81046130BEC3E00CF5EF8 /* Headers */ = {
			isa = PBXHeadersBuildPhase;
			buildActionMask = 2147483647;
			files = (
				EBB81079130BEC8C00CF5EF8 /* CoreJSON.h in Headers */,
			);
			runOnlyForDeploymentPostprocessing = 0;
		};
/* End PBXHeadersBuildPhase section */

/* Begin PBXNativeTarget section */
		EBB1ADD71312A7B6006476A7 /* CoreJSON (iOS) */ = {
			isa = PBXNativeTarget;
			buildConfigurationList = EBB1ADDD1312A7B6006476A7 /* Build configuration list for PBXNativeTarget "CoreJSON (iOS)" */;
			buildPhases = (
				EBB1ADD41312A7B6006476A7 /* Sources */,
				EBB1ADD51312A7B6006476A7 /* Frameworks */,
				EBB1ADD61312A7B6006476A7 /* Headers */,
			);
			buildRules = (
			);
			dependencies = (
			);
			name = "CoreJSON (iOS)";
			productName = CoreJSON;
			productReference = EBB1ADD81312A7B6006476A7 /* libCoreJSON (iOS).a */;
			productType = "com.apple.product-type.library.static";
		};
		EBB81048130BEC3E00CF5EF8 /* CoreJSON (OSX) */ = {
			isa = PBXNativeTarget;
			buildConfigurationList = EBB81070130BEC3E00CF5EF8 /* Build configuration list for PBXNativeTarget "CoreJSON (OSX)" */;
			buildPhases = (
				EBB81044130BEC3E00CF5EF8 /* Sources */,
				EBB81045130BEC3E00CF5EF8 /* Frameworks */,
				EBB81046130BEC3E00CF5EF8 /* Headers */,
				EBB81047130BEC3E00CF5EF8 /* Resources */,
			);
			buildRules = (
			);
			dependencies = (
			);
			name = "CoreJSON (OSX)";
			productName = CoreJSON;
			productReference = EBB81049130BEC3E00CF5EF8 /* CoreJSON (OSX).framework */;
			productType = "com.apple.product-type.framework";
		};
		EBB8105D130BEC3E00CF5EF8 /* CoreJSONTests */ = {
			isa = PBXNativeTarget;
			buildConfigurationList = EBB81073130BEC3E00CF5EF8 /* Build configuration list for PBXNativeTarget "CoreJSONTests" */;
			buildPhases = (
				EBB81059130BEC3E00CF5EF8 /* Sources */,
				EBB8105A130BEC3E00CF5EF8 /* Frameworks */,
				EBB8105B130BEC3E00CF5EF8 /* Resources */,
				EBB8105C130BEC3E00CF5EF8 /* ShellScript */,
			);
			buildRules = (
			);
			dependencies = (
				EBB81061130BEC3E00CF5EF8 /* PBXTargetDependency */,
			);
			name = CoreJSONTests;
			productName = CoreJSONTests;
			productReference = EBB8105E130BEC3E00CF5EF8 /* CoreJSONTests.octest */;
			productType = "com.apple.product-type.bundle";
		};
/* End PBXNativeTarget section */

/* Begin PBXProject section */
		EBB8103F130BEC3E00CF5EF8 /* Project object */ = {
			isa = PBXProject;
			attributes = {
				ORGANIZATIONNAME = "Inteliv Ltd";
			};
			buildConfigurationList = EBB81042130BEC3E00CF5EF8 /* Build configuration list for PBXProject "CoreJSON" */;
			compatibilityVersion = "Xcode 3.2";
			developmentRegion = English;
			hasScannedForEncodings = 0;
			knownRegions = (
				en,
			);
			mainGroup = EBB8103D130BEC3E00CF5EF8;
			productRefGroup = EBB8104A130BEC3E00CF5EF8 /* Products */;
			projectDirPath = "";
			projectReferences = (
				{
					ProductGroup = EBB1AE271312B1C3006476A7 /* Products */;
					ProjectRef = EBB1AE261312B1C3006476A7 /* YAJL.xcodeproj */;
				},
			);
			projectRoot = "";
			targets = (
				EBB81048130BEC3E00CF5EF8 /* CoreJSON (OSX) */,
				EBB8105D130BEC3E00CF5EF8 /* CoreJSONTests */,
				EBB1ADD71312A7B6006476A7 /* CoreJSON (iOS) */,
			);
		};
/* End PBXProject section */

/* Begin PBXReferenceProxy section */
		EBB1AE2E1312B1C3006476A7 /* libYAJL (iOS).a */ = {
			isa = PBXReferenceProxy;
			fileType = archive.ar;
			path = "libYAJL (iOS).a";
			remoteRef = EBB1AE2D1312B1C3006476A7 /* PBXContainerItemProxy */;
			sourceTree = BUILT_PRODUCTS_DIR;
		};
		EBB1AE5D1312B33C006476A7 /* YAJL.framework */ = {
			isa = PBXReferenceProxy;
			fileType = wrapper.framework;
			path = YAJL.framework;
			remoteRef = EBB1AE5C1312B33C006476A7 /* PBXContainerItemProxy */;
			sourceTree = BUILT_PRODUCTS_DIR;
		};
/* End PBXReferenceProxy section */

/* Begin PBXResourcesBuildPhase section */
		EBB81047130BEC3E00CF5EF8 /* Resources */ = {
			isa = PBXResourcesBuildPhase;
			buildActionMask = 2147483647;
			files = (
				EBB81057130BEC3E00CF5EF8 /* InfoPlist.strings in Resources */,
			);
			runOnlyForDeploymentPostprocessing = 0;
		};
		EBB8105B130BEC3E00CF5EF8 /* Resources */ = {
			isa = PBXResourcesBuildPhase;
			buildActionMask = 2147483647;
			files = (
				EBB81068130BEC3E00CF5EF8 /* InfoPlist.strings in Resources */,
				EBB8106B130BEC3E00CF5EF8 /* CoreJSONTests.h in Resources */,
			);
			runOnlyForDeploymentPostprocessing = 0;
		};
/* End PBXResourcesBuildPhase section */

/* Begin PBXShellScriptBuildPhase section */
		EBB8105C130BEC3E00CF5EF8 /* ShellScript */ = {
			isa = PBXShellScriptBuildPhase;
			buildActionMask = 2147483647;
			files = (
			);
			inputPaths = (
			);
			outputPaths = (
			);
			runOnlyForDeploymentPostprocessing = 0;
			shellPath = /bin/sh;
			shellScript = "# Run the unit tests in this test bundle.\n\"${SYSTEM_DEVELOPER_DIR}/Tools/RunUnitTests\"\n";
		};
/* End PBXShellScriptBuildPhase section */

/* Begin PBXSourcesBuildPhase section */
		EBB1ADD41312A7B6006476A7 /* Sources */ = {
			isa = PBXSourcesBuildPhase;
			buildActionMask = 2147483647;
			files = (
				EBB1ADE01312A9DE006476A7 /* CoreJSON.c in Sources */,
			);
			runOnlyForDeploymentPostprocessing = 0;
		};
		EBB81044130BEC3E00CF5EF8 /* Sources */ = {
			isa = PBXSourcesBuildPhase;
			buildActionMask = 2147483647;
			files = (
				EBB81078130BEC8C00CF5EF8 /* CoreJSON.c in Sources */,
			);
			runOnlyForDeploymentPostprocessing = 0;
		};
		EBB81059130BEC3E00CF5EF8 /* Sources */ = {
			isa = PBXSourcesBuildPhase;
			buildActionMask = 2147483647;
			files = (
				EBB8106D130BEC3E00CF5EF8 /* CoreJSONTests.m in Sources */,
			);
			runOnlyForDeploymentPostprocessing = 0;
		};
/* End PBXSourcesBuildPhase section */

/* Begin PBXTargetDependency section */
		EBB81061130BEC3E00CF5EF8 /* PBXTargetDependency */ = {
			isa = PBXTargetDependency;
			target = EBB81048130BEC3E00CF5EF8 /* CoreJSON (OSX) */;
			targetProxy = EBB81060130BEC3E00CF5EF8 /* PBXContainerItemProxy */;
		};
/* End PBXTargetDependency section */

/* Begin PBXVariantGroup section */
		EBB81055130BEC3E00CF5EF8 /* InfoPlist.strings */ = {
			isa = PBXVariantGroup;
			children = (
				EBB81056130BEC3E00CF5EF8 /* en */,
			);
			name = InfoPlist.strings;
			sourceTree = "<group>";
		};
		EBB81066130BEC3E00CF5EF8 /* InfoPlist.strings */ = {
			isa = PBXVariantGroup;
			children = (
				EBB81067130BEC3E00CF5EF8 /* en */,
			);
			name = InfoPlist.strings;
			sourceTree = "<group>";
		};
/* End PBXVariantGroup section */

/* Begin XCBuildConfiguration section */
		EBB1ADDE1312A7B6006476A7 /* Debug */ = {
			isa = XCBuildConfiguration;
			buildSettings = {
				ALWAYS_SEARCH_USER_PATHS = NO;
				ARCHS = "$(ARCHS_STANDARD_32_BIT)";
				DSTROOT = /tmp/CoreJSON.dst;
				GCC_PRECOMPILE_PREFIX_HEADER = YES;
				GCC_PREFIX_HEADER = "CoreJSON/CoreJSON-Prefix.pch";
				GCC_VERSION = com.apple.compilers.llvmgcc42;
				HEADER_SEARCH_PATHS = "\"$(SRCROOT)/YAJL/include\"";
				INSTALL_PATH = "";
				IPHONEOS_DEPLOYMENT_TARGET = 4.2;
				LIBRARY_SEARCH_PATHS = (
					"$(inherited)",
					"\"$(SRCROOT)\"",
				);
				MACOSX_DEPLOYMENT_TARGET = "";
				OTHER_LDFLAGS = "-ObjC";
				PRIVATE_HEADERS_FOLDER_PATH = "";
				PRODUCT_NAME = "$(TARGET_NAME)";
				PUBLIC_HEADERS_FOLDER_PATH = "";
				SDKROOT = iphoneos;
			};
			name = Debug;
		};
		EBB1ADDF1312A7B6006476A7 /* Release */ = {
			isa = XCBuildConfiguration;
			buildSettings = {
				ALWAYS_SEARCH_USER_PATHS = NO;
				ARCHS = "$(ARCHS_STANDARD_32_BIT)";
				DSTROOT = /tmp/CoreJSON.dst;
				GCC_PRECOMPILE_PREFIX_HEADER = YES;
				GCC_PREFIX_HEADER = "CoreJSON/CoreJSON-Prefix.pch";
				GCC_VERSION = com.apple.compilers.llvmgcc42;
				HEADER_SEARCH_PATHS = "\"$(SRCROOT)/YAJL/include\"";
				INSTALL_PATH = "";
				IPHONEOS_DEPLOYMENT_TARGET = 4.2;
				LIBRARY_SEARCH_PATHS = (
					"$(inherited)",
					"\"$(SRCROOT)\"",
				);
				MACOSX_DEPLOYMENT_TARGET = "";
				OTHER_LDFLAGS = "-ObjC";
				PRIVATE_HEADERS_FOLDER_PATH = "";
				PRODUCT_NAME = "$(TARGET_NAME)";
				PUBLIC_HEADERS_FOLDER_PATH = "";
				SDKROOT = iphoneos;
			};
			name = Release;
		};
		EBB8106E130BEC3E00CF5EF8 /* Debug */ = {
			isa = XCBuildConfiguration;
			buildSettings = {
				ARCHS = "$(ARCHS_STANDARD_32_64_BIT)";
				GCC_C_LANGUAGE_STANDARD = gnu99;
				GCC_OPTIMIZATION_LEVEL = 0;
				GCC_PREPROCESSOR_DEFINITIONS = DEBUG;
				GCC_VERSION = com.apple.compilers.llvm.clang.1_0;
				GCC_WARN_64_TO_32_BIT_CONVERSION = YES;
				GCC_WARN_ABOUT_RETURN_TYPE = YES;
				GCC_WARN_UNUSED_VARIABLE = YES;
				MACOSX_DEPLOYMENT_TARGET = 10.6;
				ONLY_ACTIVE_ARCH = YES;
				SDKROOT = macosx;
			};
			name = Debug;
		};
		EBB8106F130BEC3E00CF5EF8 /* Release */ = {
			isa = XCBuildConfiguration;
			buildSettings = {
				ARCHS = "$(ARCHS_STANDARD_32_64_BIT)";
				GCC_C_LANGUAGE_STANDARD = gnu99;
				GCC_VERSION = com.apple.compilers.llvm.clang.1_0;
				GCC_WARN_64_TO_32_BIT_CONVERSION = YES;
				GCC_WARN_ABOUT_RETURN_TYPE = YES;
				GCC_WARN_UNUSED_VARIABLE = YES;
				MACOSX_DEPLOYMENT_TARGET = 10.6;
				SDKROOT = macosx;
			};
			name = Release;
		};
		EBB81071130BEC3E00CF5EF8 /* Debug */ = {
			isa = XCBuildConfiguration;
			buildSettings = {
				ALWAYS_SEARCH_USER_PATHS = NO;
				COPY_PHASE_STRIP = NO;
				DYLIB_COMPATIBILITY_VERSION = 1;
				DYLIB_CURRENT_VERSION = 1;
				FRAMEWORK_SEARCH_PATHS = (
					"$(inherited)",
					"\"$(SRCROOT)\"",
				);
				FRAMEWORK_VERSION = A;
				GCC_DYNAMIC_NO_PIC = NO;
				GCC_ENABLE_OBJC_EXCEPTIONS = YES;
				GCC_PRECOMPILE_PREFIX_HEADER = YES;
				GCC_PREFIX_HEADER = "CoreJSON/CoreJSON-Prefix.pch";
				HEADER_SEARCH_PATHS = "\"$(SRCROOT)/YAJL/include\"";
				INFOPLIST_FILE = "CoreJSON/CoreJSON-Info.plist";
				LIBRARY_SEARCH_PATHS = "";
				PRODUCT_NAME = "$(TARGET_NAME)";
				WRAPPER_EXTENSION = framework;
			};
			name = Debug;
		};
		EBB81072130BEC3E00CF5EF8 /* Release */ = {
			isa = XCBuildConfiguration;
			buildSettings = {
				ALWAYS_SEARCH_USER_PATHS = NO;
				COPY_PHASE_STRIP = YES;
				DEBUG_INFORMATION_FORMAT = "dwarf-with-dsym";
				DYLIB_COMPATIBILITY_VERSION = 1;
				DYLIB_CURRENT_VERSION = 1;
				FRAMEWORK_SEARCH_PATHS = (
					"$(inherited)",
					"\"$(SRCROOT)\"",
				);
				FRAMEWORK_VERSION = A;
				GCC_ENABLE_OBJC_EXCEPTIONS = YES;
				GCC_PRECOMPILE_PREFIX_HEADER = YES;
				GCC_PREFIX_HEADER = "CoreJSON/CoreJSON-Prefix.pch";
				HEADER_SEARCH_PATHS = "\"$(SRCROOT)/YAJL/include\"";
				INFOPLIST_FILE = "CoreJSON/CoreJSON-Info.plist";
				LIBRARY_SEARCH_PATHS = "";
				PRODUCT_NAME = "$(TARGET_NAME)";
				WRAPPER_EXTENSION = framework;
			};
			name = Release;
		};
		EBB81074130BEC3E00CF5EF8 /* Debug */ = {
			isa = XCBuildConfiguration;
			buildSettings = {
				ALWAYS_SEARCH_USER_PATHS = NO;
				COPY_PHASE_STRIP = NO;
				FRAMEWORK_SEARCH_PATHS = "$(DEVELOPER_LIBRARY_DIR)/Frameworks";
				GCC_DYNAMIC_NO_PIC = NO;
				GCC_ENABLE_OBJC_EXCEPTIONS = YES;
				GCC_PRECOMPILE_PREFIX_HEADER = YES;
				GCC_PREFIX_HEADER = "CoreJSONTests/CoreJSONTests-Prefix.pch";
				INFOPLIST_FILE = "CoreJSONTests/CoreJSONTests-Info.plist";
				INSTALL_PATH = "$(USER_LIBRARY_DIR)/Bundles";
				OTHER_LDFLAGS = (
					"-framework",
					SenTestingKit,
				);
				PRODUCT_NAME = "$(TARGET_NAME)";
				WRAPPER_EXTENSION = octest;
			};
			name = Debug;
		};
		EBB81075130BEC3E00CF5EF8 /* Release */ = {
			isa = XCBuildConfiguration;
			buildSettings = {
				ALWAYS_SEARCH_USER_PATHS = NO;
				COPY_PHASE_STRIP = YES;
				DEBUG_INFORMATION_FORMAT = "dwarf-with-dsym";
				FRAMEWORK_SEARCH_PATHS = "$(DEVELOPER_LIBRARY_DIR)/Frameworks";
				GCC_ENABLE_OBJC_EXCEPTIONS = YES;
				GCC_PRECOMPILE_PREFIX_HEADER = YES;
				GCC_PREFIX_HEADER = "CoreJSONTests/CoreJSONTests-Prefix.pch";
				INFOPLIST_FILE = "CoreJSONTests/CoreJSONTests-Info.plist";
				INSTALL_PATH = "$(USER_LIBRARY_DIR)/Bundles";
				OTHER_LDFLAGS = (
					"-framework",
					SenTestingKit,
				);
				PRODUCT_NAME = "$(TARGET_NAME)";
				WRAPPER_EXTENSION = octest;
			};
			name = Release;
		};
/* End XCBuildConfiguration section */

/* Begin XCConfigurationList section */
		EBB1ADDD1312A7B6006476A7 /* Build configuration list for PBXNativeTarget "CoreJSON (iOS)" */ = {
			isa = XCConfigurationList;
			buildConfigurations = (
				EBB1ADDE1312A7B6006476A7 /* Debug */,
				EBB1ADDF1312A7B6006476A7 /* Release */,
			);
			defaultConfigurationIsVisible = 0;
			defaultConfigurationName = Release;
		};
		EBB81042130BEC3E00CF5EF8 /* Build configuration list for PBXProject "CoreJSON" */ = {
			isa = XCConfigurationList;
			buildConfigurations = (
				EBB8106E130BEC3E00CF5EF8 /* Debug */,
				EBB8106F130BEC3E00CF5EF8 /* Release */,
			);
			defaultConfigurationIsVisible = 0;
			defaultConfigurationName = Release;
		};
		EBB81070130BEC3E00CF5EF8 /* Build configuration list for PBXNativeTarget "CoreJSON (OSX)" */ = {
			isa = XCConfigurationList;
			buildConfigurations = (
				EBB81071130BEC3E00CF5EF8 /* Debug */,
				EBB81072130BEC3E00CF5EF8 /* Release */,
			);
			defaultConfigurationIsVisible = 0;
			defaultConfigurationName = Release;
		};
		EBB81073130BEC3E00CF5EF8 /* Build configuration list for PBXNativeTarget "CoreJSONTests" */ = {
			isa = XCConfigurationList;
			buildConfigurations = (
				EBB81074130BEC3E00CF5EF8 /* Debug */,
				EBB81075130BEC3E00CF5EF8 /* Release */,
			);
			defaultConfigurationIsVisible = 0;
			defaultConfigurationName = Release;
		};
/* End XCConfigurationList section */
	};
	rootObject = EBB8103F130BEC3E00CF5EF8 /* Project object */;
}
